
Microsoft Visual Studio Solution File, Format Version 12.00
# Visual Studio Version 16
VisualStudioVersion = 16.0.29728.190
MinimumVisualStudioVersion = 10.0.40219.1
Project("{9A19103F-16F7-4668-BE54-9A1E7A4F7556}") = "CompanyEmployees", "CompanyEmployees\CompanyEmployees.csproj", "{D3267978-2901-459E-A9A1-D5A6B8F0C53C}"
EndProject
Project("{9A19103F-16F7-4668-BE54-9A1E7A4F7556}") = "Contracts", "Contracts\Contracts.csproj", "{85F9A442-9BE3-4E87-B3DA-264814054B7C}"
EndProject
Project("{9A19103F-16F7-4668-BE54-9A1E7A4F7556}") = "LoggerService", "LoggerService\LoggerService.csproj", "{31FD738C-09B7-469E-9C4A-62D599F3EA6B}"
EndProject
Project("{9A19103F-16F7-4668-BE54-9A1E7A4F7556}") = "Entities", "Entities\Entities.csproj", "{87DCC66C-C309-4E92-A806-C7CEAA0F5467}"
EndProject
Project("{FAE04EC0-301F-11D3-BF4B-00C04F79EFBC}") = "Repository", "Repository\Repository.csproj", "{56258BF5-3E7E-4BDB-A06C-6799951AB747}"
EndProject
Global
	GlobalSection(SolutionConfigurationPlatforms) = preSolution
		Debug|Any CPU = Debug|Any CPU
		Release|Any CPU = Release|Any CPU
	EndGlobalSection
	GlobalSection(ProjectConfigurationPlatforms) = postSolution
		{D3267978-2901-459E-A9A1-D5A6B8F0C53C}.Debug|Any CPU.ActiveCfg = Debug|Any CPU
		{D3267978-2901-459E-A9A1-D5A6B8F0C53C}.Debug|Any CPU.Build.0 = Debug|Any CPU
		{D3267978-2901-459E-A9A1-D5A6B8F0C53C}.Release|Any CPU.ActiveCfg = Release|Any CPU
		{D3267978-2901-459E-A9A1-D5A6B8F0C53C}.Release|Any CPU.Build.0 = Release|Any CPU
		{85F9A442-9BE3-4E87-B3DA-264814054B7C}.Debug|Any CPU.ActiveCfg = Debug|Any CPU
		{85F9A442-9BE3-4E87-B3DA-264814054B7C}.Debug|Any CPU.Build.0 = Debug|Any CPU
		{85F9A442-9BE3-4E87-B3DA-264814054B7C}.Release|Any CPU.ActiveCfg = Release|Any CPU
		{85F9A442-9BE3-4E87-B3DA-264814054B7C}.Release|Any CPU.Build.0 = Release|Any CPU
		{31FD738C-09B7-469E-9C4A-62D599F3EA6B}.Debug|Any CPU.ActiveCfg = Debug|Any CPU
		{31FD738C-09B7-469E-9C4A-62D599F3EA6B}.Debug|Any CPU.Build.0 = Debug|Any CPU
		{31FD738C-09B7-469E-9C4A-62D599F3EA6B}.Release|Any CPU.ActiveCfg = Release|Any CPU
		{31FD738C-09B7-469E-9C4A-62D599F3EA6B}.Release|Any CPU.Build.0 = Release|Any CPU
		{87DCC66C-C309-4E92-A806-C7CEAA0F5467}.Debug|Any CPU.ActiveCfg = Debug|Any CPU
		{87DCC66C-C309-4E92-A806-C7CEAA0F5467}.Debug|Any CPU.Build.0 = Debug|Any CPU
		{87DCC66C-C309-4E92-A806-C7CEAA0F5467}.Release|Any CPU.ActiveCfg = Release|Any CPU
		{87DCC66C-C309-4E92-A806-C7CEAA0F5467}.Release|Any CPU.Build.0 = Release|Any CPU
		{56258BF5-3E7E-4BDB-A06C-6799951AB747}.Debug|Any CPU.ActiveCfg = Debug|Any CPU
		{56258BF5-3E7E-4BDB-A06C-6799951AB747}.Debug|Any CPU.Build.0 = Debug|Any CPU
		{56258BF5-3E7E-4BDB-A06C-6799951AB747}.Release|Any CPU.ActiveCfg = Release|Any CPU
		{56258BF5-3E7E-4BDB-A06C-6799951AB747}.Release|Any CPU.Build.0 = Release|Any CPU
	EndGlobalSection
	GlobalSection(SolutionProperties) = preSolution
		HideSolutionNode = FALSE
	EndGlobalSection
	GlobalSection(ExtensibilityGlobals) = postSolution
		SolutionGuid = {631A429A-42C5-4038-821B-4B3CB040E28B}
	EndGlobalSection
EndGlobal
